
Microsoft Visual Studio Solution File, Format Version 12.00
# Visual Studio Version 18
VisualStudioVersion = 18.3.11505.172
MinimumVisualStudioVersion = 10.0.40219.1
Project("{FAE04EC0-301F-11D3-BF4B-00C04F79EFBC}") = "StudentLifeHelper.Api", "StudentLifeHelper.Api\StudentLifeHelper.Api.csproj", "{E673F040-6156-431E-9968-E379E7C74E06}"
EndProject
Project("{FAE04EC0-301F-11D3-BF4B-00C04F79EFBC}") = "StudentLifeHelper.Data", "StudentLifeHelper.Data\StudentLifeHelper.Data.csproj", "{6EE0643F-0427-49EF-9D3C-D220D9CF0FF0}"
EndProject
Project("{FAE04EC0-301F-11D3-BF4B-00C04F79EFBC}") = "StudentLifeHelper.Service", "StudentLifeHelper.Service\StudentLifeHelper.Service.csproj", "{B728782C-6873-481E-A756-11CA0810C3D4}"
EndProject
Global
	GlobalSection(SolutionConfigurationPlatforms) = preSolution
		Debug|Any CPU = Debug|Any CPU
		Release|Any CPU = Release|Any CPU
	EndGlobalSection
	GlobalSection(ProjectConfigurationPlatforms) = postSolution
		{E673F040-6156-431E-9968-E379E7C74E06}.Debug|Any CPU.ActiveCfg = Debug|Any CPU
		{E673F040-6156-431E-9968-E379E7C74E06}.Debug|Any CPU.Build.0 = Debug|Any CPU
		{E673F040-6156-431E-9968-E379E7C74E06}.Release|Any CPU.ActiveCfg = Release|Any CPU
		{E673F040-6156-431E-9968-E379E7C74E06}.Release|Any CPU.Build.0 = Release|Any CPU
		{6EE0643F-0427-49EF-9D3C-D220D9CF0FF0}.Debug|Any CPU.ActiveCfg = Debug|Any CPU
		{6EE0643F-0427-49EF-9D3C-D220D9CF0FF0}.Debug|Any CPU.Build.0 = Debug|Any CPU
		{6EE0643F-0427-49EF-9D3C-D220D9CF0FF0}.Release|Any CPU.ActiveCfg = Release|Any CPU
		{6EE0643F-0427-49EF-9D3C-D220D9CF0FF0}.Release|Any CPU.Build.0 = Release|Any CPU
		{B728782C-6873-481E-A756-11CA0810C3D4}.Debug|Any CPU.ActiveCfg = Debug|Any CPU
		{B728782C-6873-481E-A756-11CA0810C3D4}.Debug|Any CPU.Build.0 = Debug|Any CPU
		{B728782C-6873-481E-A756-11CA0810C3D4}.Release|Any CPU.ActiveCfg = Release|Any CPU
		{B728782C-6873-481E-A756-11CA0810C3D4}.Release|Any CPU.Build.0 = Release|Any CPU
	EndGlobalSection
	GlobalSection(SolutionProperties) = preSolution
		HideSolutionNode = FALSE
	EndGlobalSection
	GlobalSection(ExtensibilityGlobals) = postSolution
		SolutionGuid = {EB8C3798-B52D-41BD-BB13-F8352CC1F8BC}
	EndGlobalSection
EndGlobal
